// !$*UTF8*$!
{
	archiveVersion = 1;
	classes = {
	};
	objectVersion = 46;
	objects = {

/* Begin PBXBuildFile section */
		9002FBE51CE829FC00D3AEA4 /* UIImageView+Circle.swift in Sources */ = {isa = PBXBuildFile; fileRef = 9002FBE41CE829FC00D3AEA4 /* UIImageView+Circle.swift */; };
		90138C331CAB9068007A9DE2 /* AppDelegate.swift in Sources */ = {isa = PBXBuildFile; fileRef = 90138C321CAB9068007A9DE2 /* AppDelegate.swift */; };
		90138C381CAB9068007A9DE2 /* Main.storyboard in Resources */ = {isa = PBXBuildFile; fileRef = 90138C361CAB9068007A9DE2 /* Main.storyboard */; };
		90138C3A1CAB9068007A9DE2 /* Assets.xcassets in Resources */ = {isa = PBXBuildFile; fileRef = 90138C391CAB9068007A9DE2 /* Assets.xcassets */; };
		90138C4E1CAB9990007A9DE2 /* MenuViewController.swift in Sources */ = {isa = PBXBuildFile; fileRef = 90138C4D1CAB9990007A9DE2 /* MenuViewController.swift */; };
		90138C501CAB9A6C007A9DE2 /* MenuItem.swift in Sources */ = {isa = PBXBuildFile; fileRef = 90138C4F1CAB9A6C007A9DE2 /* MenuItem.swift */; };
		90138C521CABA05F007A9DE2 /* UIImage+Utilities.swift in Sources */ = {isa = PBXBuildFile; fileRef = 90138C511CABA05F007A9DE2 /* UIImage+Utilities.swift */; };
		90138C541CABA862007A9DE2 /* MenuItems.plist in Resources */ = {isa = PBXBuildFile; fileRef = 90138C531CABA862007A9DE2 /* MenuItems.plist */; };
		90138C5A1CABAD50007A9DE2 /* AnnotatedMenuCell.swift in Sources */ = {isa = PBXBuildFile; fileRef = 90138C591CABAD50007A9DE2 /* AnnotatedMenuCell.swift */; };
		901F2EE61CC08DF3002D7AC1 /* Model.swift in Sources */ = {isa = PBXBuildFile; fileRef = 901F2EE51CC08DF3002D7AC1 /* Model.swift */; };
		901F2EE81CC09B5D002D7AC1 /* User.swift in Sources */ = {isa = PBXBuildFile; fileRef = 901F2EE71CC09B5D002D7AC1 /* User.swift */; };
		9028B7491CB70A500065E48F /* Traveler.swift in Sources */ = {isa = PBXBuildFile; fileRef = 9028B7481CB70A500065E48F /* Traveler.swift */; };
		9028B74D1CB746A10065E48F /* TravelersViewController.swift in Sources */ = {isa = PBXBuildFile; fileRef = 9028B74C1CB746A10065E48F /* TravelersViewController.swift */; };
		902B9C891CC865A5007FED4B /* FlightTableViewCell.swift in Sources */ = {isa = PBXBuildFile; fileRef = 902B9C881CC865A5007FED4B /* FlightTableViewCell.swift */; };
		904116001CFE24060059292C /* CloudKit.framework in Frameworks */ = {isa = PBXBuildFile; fileRef = 904115FF1CFE24060059292C /* CloudKit.framework */; };
		9055125F1CC680F3006B7183 /* Flight.swift in Sources */ = {isa = PBXBuildFile; fileRef = 9055125E1CC680F3006B7183 /* Flight.swift */; };
		905512611CC68420006B7183 /* Reservation.swift in Sources */ = {isa = PBXBuildFile; fileRef = 905512601CC68420006B7183 /* Reservation.swift */; };
		907BBA741CACD5BC00EA5FCA /* LaunchScreen.storyboard in Resources */ = {isa = PBXBuildFile; fileRef = 907BBA731CACD5BC00EA5FCA /* LaunchScreen.storyboard */; };
		907BBA761CACDD7600EA5FCA /* MasterViewController.swift in Sources */ = {isa = PBXBuildFile; fileRef = 907BBA751CACDD7600EA5FCA /* MasterViewController.swift */; };
		907ECFEA1CB1FFCA00F33BC7 /* BookFlightViewController.swift in Sources */ = {isa = PBXBuildFile; fileRef = 907ECFE91CB1FFCA00F33BC7 /* BookFlightViewController.swift */; };
		907ECFEC1CB206EA00F33BC7 /* ReservationViewController.swift in Sources */ = {isa = PBXBuildFile; fileRef = 907ECFEB1CB206EA00F33BC7 /* ReservationViewController.swift */; };
		90945EC71CC37493001D7F54 /* TravelerEditViewController.swift in Sources */ = {isa = PBXBuildFile; fileRef = 90945EC61CC37493001D7F54 /* TravelerEditViewController.swift */; };
		909A6C9A1CDD000600A236D9 /* TravelerTableViewCell.swift in Sources */ = {isa = PBXBuildFile; fileRef = 909A6C991CDD000600A236D9 /* TravelerTableViewCell.swift */; };
		90A6CC081CC6DE9000F48113 /* Flights.plist in Resources */ = {isa = PBXBuildFile; fileRef = 90A6CC071CC6DE9000F48113 /* Flights.plist */; };
		90ADD10E1CACF96E001FC910 /* GradientView.swift in Sources */ = {isa = PBXBuildFile; fileRef = 90ADD10D1CACF96E001FC910 /* GradientView.swift */; };
		90CF9E0D1CD66E87001A34DB /* ReservationTableViewCell.swift in Sources */ = {isa = PBXBuildFile; fileRef = 90CF9E0C1CD66E87001A34DB /* ReservationTableViewCell.swift */; };
		90D6AF011CB20E5E003A43F1 /* AgentFlightViewController.swift in Sources */ = {isa = PBXBuildFile; fileRef = 90D6AF001CB20E5E003A43F1 /* AgentFlightViewController.swift */; };
		90DF7E871CCE8C2A00D289B9 /* ErrorHandler.swift in Sources */ = {isa = PBXBuildFile; fileRef = 90DF7E861CCE8C2A00D289B9 /* ErrorHandler.swift */; };
/* End PBXBuildFile section */

/* Begin PBXFileReference section */
		9002FBE41CE829FC00D3AEA4 /* UIImageView+Circle.swift */ = {isa = PBXFileReference; fileEncoding = 4; lastKnownFileType = sourcecode.swift; path = "UIImageView+Circle.swift"; sourceTree = "<group>"; };
		90138C2F1CAB9068007A9DE2 /* RainyDayReservations.app */ = {isa = PBXFileReference; explicitFileType = wrapper.application; includeInIndex = 0; path = RainyDayReservations.app; sourceTree = BUILT_PRODUCTS_DIR; };
		90138C321CAB9068007A9DE2 /* AppDelegate.swift */ = {isa = PBXFileReference; lastKnownFileType = sourcecode.swift; path = AppDelegate.swift; sourceTree = "<group>"; };
		90138C371CAB9068007A9DE2 /* Base */ = {isa = PBXFileReference; lastKnownFileType = file.storyboard; name = Base; path = Base.lproj/Main.storyboard; sourceTree = "<group>"; };
		90138C391CAB9068007A9DE2 /* Assets.xcassets */ = {isa = PBXFileReference; lastKnownFileType = folder.assetcatalog; path = Assets.xcassets; sourceTree = "<group>"; };
		90138C3E1CAB9068007A9DE2 /* Info.plist */ = {isa = PBXFileReference; lastKnownFileType = text.plist.xml; path = Info.plist; sourceTree = "<group>"; };
		90138C4D1CAB9990007A9DE2 /* MenuViewController.swift */ = {isa = PBXFileReference; fileEncoding = 4; lastKnownFileType = sourcecode.swift; path = MenuViewController.swift; sourceTree = "<group>"; };
		90138C4F1CAB9A6C007A9DE2 /* MenuItem.swift */ = {isa = PBXFileReference; fileEncoding = 4; lastKnownFileType = sourcecode.swift; path = MenuItem.swift; sourceTree = "<group>"; };
		90138C511CABA05F007A9DE2 /* UIImage+Utilities.swift */ = {isa = PBXFileReference; fileEncoding = 4; lastKnownFileType = sourcecode.swift; path = "UIImage+Utilities.swift"; sourceTree = "<group>"; };
		90138C531CABA862007A9DE2 /* MenuItems.plist */ = {isa = PBXFileReference; fileEncoding = 4; lastKnownFileType = text.plist.xml; path = MenuItems.plist; sourceTree = "<group>"; };
		90138C591CABAD50007A9DE2 /* AnnotatedMenuCell.swift */ = {isa = PBXFileReference; fileEncoding = 4; lastKnownFileType = sourcecode.swift; path = AnnotatedMenuCell.swift; sourceTree = "<group>"; };
		901F2EE51CC08DF3002D7AC1 /* Model.swift */ = {isa = PBXFileReference; fileEncoding = 4; lastKnownFileType = sourcecode.swift; path = Model.swift; sourceTree = "<group>"; };
		901F2EE71CC09B5D002D7AC1 /* User.swift */ = {isa = PBXFileReference; fileEncoding = 4; lastKnownFileType = sourcecode.swift; path = User.swift; sourceTree = "<group>"; };
		9028B7481CB70A500065E48F /* Traveler.swift */ = {isa = PBXFileReference; fileEncoding = 4; lastKnownFileType = sourcecode.swift; path = Traveler.swift; sourceTree = "<group>"; };
		9028B74C1CB746A10065E48F /* TravelersViewController.swift */ = {isa = PBXFileReference; fileEncoding = 4; lastKnownFileType = sourcecode.swift; path = TravelersViewController.swift; sourceTree = "<group>"; };
		902B9C881CC865A5007FED4B /* FlightTableViewCell.swift */ = {isa = PBXFileReference; fileEncoding = 4; lastKnownFileType = sourcecode.swift; path = FlightTableViewCell.swift; sourceTree = "<group>"; };
		904115FF1CFE24060059292C /* CloudKit.framework */ = {isa = PBXFileReference; lastKnownFileType = wrapper.framework; name = CloudKit.framework; path = System/Library/Frameworks/CloudKit.framework; sourceTree = SDKROOT; };
		9055125E1CC680F3006B7183 /* Flight.swift */ = {isa = PBXFileReference; fileEncoding = 4; lastKnownFileType = sourcecode.swift; path = Flight.swift; sourceTree = "<group>"; };
		905512601CC68420006B7183 /* Reservation.swift */ = {isa = PBXFileReference; fileEncoding = 4; lastKnownFileType = sourcecode.swift; path = Reservation.swift; sourceTree = "<group>"; };
		907BBA731CACD5BC00EA5FCA /* LaunchScreen.storyboard */ = {isa = PBXFileReference; fileEncoding = 4; lastKnownFileType = file.storyboard; path = LaunchScreen.storyboard; sourceTree = "<group>"; };
		907BBA751CACDD7600EA5FCA /* MasterViewController.swift */ = {isa = PBXFileReference; fileEncoding = 4; lastKnownFileType = sourcecode.swift; path = MasterViewController.swift; sourceTree = "<group>"; };
		907ECFE91CB1FFCA00F33BC7 /* BookFlightViewController.swift */ = {isa = PBXFileReference; fileEncoding = 4; lastKnownFileType = sourcecode.swift; path = BookFlightViewController.swift; sourceTree = "<group>"; };
		907ECFEB1CB206EA00F33BC7 /* ReservationViewController.swift */ = {isa = PBXFileReference; fileEncoding = 4; lastKnownFileType = sourcecode.swift; path = ReservationViewController.swift; sourceTree = "<group>"; };
		90945EC61CC37493001D7F54 /* TravelerEditViewController.swift */ = {isa = PBXFileReference; fileEncoding = 4; lastKnownFileType = sourcecode.swift; path = TravelerEditViewController.swift; sourceTree = "<group>"; };
		909A6C991CDD000600A236D9 /* TravelerTableViewCell.swift */ = {isa = PBXFileReference; fileEncoding = 4; lastKnownFileType = sourcecode.swift; path = TravelerTableViewCell.swift; sourceTree = "<group>"; };
		90A6CC071CC6DE9000F48113 /* Flights.plist */ = {isa = PBXFileReference; fileEncoding = 4; lastKnownFileType = text.plist.xml; path = Flights.plist; sourceTree = "<group>"; };
		90ADD10D1CACF96E001FC910 /* GradientView.swift */ = {isa = PBXFileReference; fileEncoding = 4; lastKnownFileType = sourcecode.swift; path = GradientView.swift; sourceTree = "<group>"; };
		90BE8B461CB3733C0001E805 /* RainyDayReservations.entitlements */ = {isa = PBXFileReference; lastKnownFileType = text.xml; path = RainyDayReservations.entitlements; sourceTree = "<group>"; };
		90CF9E0C1CD66E87001A34DB /* ReservationTableViewCell.swift */ = {isa = PBXFileReference; fileEncoding = 4; lastKnownFileType = sourcecode.swift; path = ReservationTableViewCell.swift; sourceTree = "<group>"; };
		90D6AF001CB20E5E003A43F1 /* AgentFlightViewController.swift */ = {isa = PBXFileReference; fileEncoding = 4; lastKnownFileType = sourcecode.swift; path = AgentFlightViewController.swift; sourceTree = "<group>"; };
		90DF7E861CCE8C2A00D289B9 /* ErrorHandler.swift */ = {isa = PBXFileReference; fileEncoding = 4; lastKnownFileType = sourcecode.swift; path = ErrorHandler.swift; sourceTree = "<group>"; };
/* End PBXFileReference section */

/* Begin PBXFrameworksBuildPhase section */
		90138C2C1CAB9068007A9DE2 /* Frameworks */ = {
			isa = PBXFrameworksBuildPhase;
			buildActionMask = 2147483647;
			files = (
				904116001CFE24060059292C /* CloudKit.framework in Frameworks */,
			);
			runOnlyForDeploymentPostprocessing = 0;
		};
/* End PBXFrameworksBuildPhase section */

/* Begin PBXGroup section */
		90138C261CAB9068007A9DE2 = {
			isa = PBXGroup;
			children = (
				904115FF1CFE24060059292C /* CloudKit.framework */,
				90138C311CAB9068007A9DE2 /* RainyDayReservations */,
				90138C301CAB9068007A9DE2 /* Products */,
			);
			sourceTree = "<group>";
		};
		90138C301CAB9068007A9DE2 /* Products */ = {
			isa = PBXGroup;
			children = (
				90138C2F1CAB9068007A9DE2 /* RainyDayReservations.app */,
			);
			name = Products;
			sourceTree = "<group>";
		};
		90138C311CAB9068007A9DE2 /* RainyDayReservations */ = {
			isa = PBXGroup;
			children = (
				90138C461CAB923C007A9DE2 /* Extensions */,
				90DF7E851CCE8BCA00D289B9 /* Error Handling */,
				90138C481CAB924C007A9DE2 /* Models */,
				90138C451CAB9230007A9DE2 /* Controllers */,
				90138C4A1CAB9292007A9DE2 /* Views */,
				90138C491CAB926C007A9DE2 /* Screen Layouts */,
				90138C441CAB90D5007A9DE2 /* Assets */,
				90138C4C1CAB92E1007A9DE2 /* Main */,
				90138C4B1CAB9299007A9DE2 /* Supporting Files */,
			);
			path = RainyDayReservations;
			sourceTree = "<group>";
		};
		90138C441CAB90D5007A9DE2 /* Assets */ = {
			isa = PBXGroup;
			children = (
				90138C391CAB9068007A9DE2 /* Assets.xcassets */,
			);
			name = Assets;
			sourceTree = "<group>";
		};
		90138C451CAB9230007A9DE2 /* Controllers */ = {
			isa = PBXGroup;
			children = (
				907BBA751CACDD7600EA5FCA /* MasterViewController.swift */,
				90138C4D1CAB9990007A9DE2 /* MenuViewController.swift */,
				9028B74C1CB746A10065E48F /* TravelersViewController.swift */,
				90945EC61CC37493001D7F54 /* TravelerEditViewController.swift */,
				907ECFE91CB1FFCA00F33BC7 /* BookFlightViewController.swift */,
				907ECFEB1CB206EA00F33BC7 /* ReservationViewController.swift */,
				90D6AF001CB20E5E003A43F1 /* AgentFlightViewController.swift */,
			);
			name = Controllers;
			sourceTree = "<group>";
		};
		90138C461CAB923C007A9DE2 /* Extensions */ = {
			isa = PBXGroup;
			children = (
				90138C511CABA05F007A9DE2 /* UIImage+Utilities.swift */,
				9002FBE41CE829FC00D3AEA4 /* UIImageView+Circle.swift */,
			);
			name = Extensions;
			sourceTree = "<group>";
		};
		90138C481CAB924C007A9DE2 /* Models */ = {
			isa = PBXGroup;
			children = (
				90138C4F1CAB9A6C007A9DE2 /* MenuItem.swift */,
				9028B7481CB70A500065E48F /* Traveler.swift */,
				901F2EE51CC08DF3002D7AC1 /* Model.swift */,
				901F2EE71CC09B5D002D7AC1 /* User.swift */,
				9055125E1CC680F3006B7183 /* Flight.swift */,
				905512601CC68420006B7183 /* Reservation.swift */,
			);
			name = Models;
			sourceTree = "<group>";
		};
		90138C491CAB926C007A9DE2 /* Screen Layouts */ = {
			isa = PBXGroup;
			children = (
				90138C361CAB9068007A9DE2 /* Main.storyboard */,
				907BBA731CACD5BC00EA5FCA /* LaunchScreen.storyboard */,
			);
			name = "Screen Layouts";
			sourceTree = "<group>";
		};
		90138C4A1CAB9292007A9DE2 /* Views */ = {
			isa = PBXGroup;
			children = (
				909A6C991CDD000600A236D9 /* TravelerTableViewCell.swift */,
				902B9C881CC865A5007FED4B /* FlightTableViewCell.swift */,
				90CF9E0C1CD66E87001A34DB /* ReservationTableViewCell.swift */,
				90138C591CABAD50007A9DE2 /* AnnotatedMenuCell.swift */,
				90ADD10D1CACF96E001FC910 /* GradientView.swift */,
			);
			name = Views;
			sourceTree = "<group>";
		};
		90138C4B1CAB9299007A9DE2 /* Supporting Files */ = {
			isa = PBXGroup;
			children = (
				90BE8B461CB3733C0001E805 /* RainyDayReservations.entitlements */,
				90A6CC071CC6DE9000F48113 /* Flights.plist */,
				90138C3E1CAB9068007A9DE2 /* Info.plist */,
				90138C531CABA862007A9DE2 /* MenuItems.plist */,
			);
			name = "Supporting Files";
			sourceTree = "<group>";
		};
		90138C4C1CAB92E1007A9DE2 /* Main */ = {
			isa = PBXGroup;
			children = (
				90138C321CAB9068007A9DE2 /* AppDelegate.swift */,
			);
			name = Main;
			sourceTree = "<group>";
		};
		90DF7E851CCE8BCA00D289B9 /* Error Handling */ = {
			isa = PBXGroup;
			children = (
				90DF7E861CCE8C2A00D289B9 /* ErrorHandler.swift */,
			);
			name = "Error Handling";
			sourceTree = "<group>";
		};
/* End PBXGroup section */

/* Begin PBXNativeTarget section */
		90138C2E1CAB9068007A9DE2 /* RainyDayReservations */ = {
			isa = PBXNativeTarget;
			buildConfigurationList = 90138C411CAB9068007A9DE2 /* Build configuration list for PBXNativeTarget "RainyDayReservations" */;
			buildPhases = (
				90138C2B1CAB9068007A9DE2 /* Sources */,
				90138C2C1CAB9068007A9DE2 /* Frameworks */,
				90138C2D1CAB9068007A9DE2 /* Resources */,
			);
			buildRules = (
			);
			dependencies = (
			);
			name = RainyDayReservations;
			productName = RainyDayReservations;
			productReference = 90138C2F1CAB9068007A9DE2 /* RainyDayReservations.app */;
			productType = "com.apple.product-type.application";
		};
/* End PBXNativeTarget section */

/* Begin PBXProject section */
		90138C271CAB9068007A9DE2 /* Project object */ = {
			isa = PBXProject;
			attributes = {
				LastSwiftUpdateCheck = 0730;
				LastUpgradeCheck = 0730;
				ORGANIZATIONNAME = "GroovyTree LLC";
				TargetAttributes = {
					90138C2E1CAB9068007A9DE2 = {
						CreatedOnToolsVersion = 7.3;
						DevelopmentTeam = 493ZMXA65B;
						SystemCapabilities = {
							com.apple.BackgroundModes = {
								enabled = 0;
							};
							com.apple.iCloud = {
								enabled = 1;
							};
						};
					};
				};
			};
			buildConfigurationList = 90138C2A1CAB9068007A9DE2 /* Build configuration list for PBXProject "RainyDayReservations" */;
			compatibilityVersion = "Xcode 3.2";
			developmentRegion = English;
			hasScannedForEncodings = 0;
			knownRegions = (
				en,
				Base,
			);
			mainGroup = 90138C261CAB9068007A9DE2;
			productRefGroup = 90138C301CAB9068007A9DE2 /* Products */;
			projectDirPath = "";
			projectRoot = "";
			targets = (
				90138C2E1CAB9068007A9DE2 /* RainyDayReservations */,
			);
		};
/* End PBXProject section */

/* Begin PBXResourcesBuildPhase section */
		90138C2D1CAB9068007A9DE2 /* Resources */ = {
			isa = PBXResourcesBuildPhase;
			buildActionMask = 2147483647;
			files = (
				90138C541CABA862007A9DE2 /* MenuItems.plist in Resources */,
				907BBA741CACD5BC00EA5FCA /* LaunchScreen.storyboard in Resources */,
				90138C3A1CAB9068007A9DE2 /* Assets.xcassets in Resources */,
				90138C381CAB9068007A9DE2 /* Main.storyboard in Resources */,
				90A6CC081CC6DE9000F48113 /* Flights.plist in Resources */,
			);
			runOnlyForDeploymentPostprocessing = 0;
		};
/* End PBXResourcesBuildPhase section */

/* Begin PBXSourcesBuildPhase section */
		90138C2B1CAB9068007A9DE2 /* Sources */ = {
			isa = PBXSourcesBuildPhase;
			buildActionMask = 2147483647;
			files = (
				90138C4E1CAB9990007A9DE2 /* MenuViewController.swift in Sources */,
				90138C521CABA05F007A9DE2 /* UIImage+Utilities.swift in Sources */,
				9002FBE51CE829FC00D3AEA4 /* UIImageView+Circle.swift in Sources */,
				907ECFEC1CB206EA00F33BC7 /* ReservationViewController.swift in Sources */,
				9028B74D1CB746A10065E48F /* TravelersViewController.swift in Sources */,
				90945EC71CC37493001D7F54 /* TravelerEditViewController.swift in Sources */,
				90D6AF011CB20E5E003A43F1 /* AgentFlightViewController.swift in Sources */,
				90138C501CAB9A6C007A9DE2 /* MenuItem.swift in Sources */,
				90138C5A1CABAD50007A9DE2 /* AnnotatedMenuCell.swift in Sources */,
				90138C331CAB9068007A9DE2 /* AppDelegate.swift in Sources */,
				90DF7E871CCE8C2A00D289B9 /* ErrorHandler.swift in Sources */,
				9055125F1CC680F3006B7183 /* Flight.swift in Sources */,
				902B9C891CC865A5007FED4B /* FlightTableViewCell.swift in Sources */,
				90CF9E0D1CD66E87001A34DB /* ReservationTableViewCell.swift in Sources */,
				905512611CC68420006B7183 /* Reservation.swift in Sources */,
				9028B7491CB70A500065E48F /* Traveler.swift in Sources */,
				901F2EE61CC08DF3002D7AC1 /* Model.swift in Sources */,
				907BBA761CACDD7600EA5FCA /* MasterViewController.swift in Sources */,
				909A6C9A1CDD000600A236D9 /* TravelerTableViewCell.swift in Sources */,
				907ECFEA1CB1FFCA00F33BC7 /* BookFlightViewController.swift in Sources */,
				901F2EE81CC09B5D002D7AC1 /* User.swift in Sources */,
				90ADD10E1CACF96E001FC910 /* GradientView.swift in Sources */,
			);
			runOnlyForDeploymentPostprocessing = 0;
		};
/* End PBXSourcesBuildPhase section */

/* Begin PBXVariantGroup section */
		90138C361CAB9068007A9DE2 /* Main.storyboard */ = {
			isa = PBXVariantGroup;
			children = (
				90138C371CAB9068007A9DE2 /* Base */,
			);
			name = Main.storyboard;
			sourceTree = "<group>";
		};
/* End PBXVariantGroup section */

/* Begin XCBuildConfiguration section */
		90138C3F1CAB9068007A9DE2 /* Debug */ = {
			isa = XCBuildConfiguration;
			buildSettings = {
				ALWAYS_SEARCH_USER_PATHS = NO;
				CLANG_ANALYZER_NONNULL = YES;
				CLANG_CXX_LANGUAGE_STANDARD = "gnu++0x";
				CLANG_CXX_LIBRARY = "libc++";
				CLANG_ENABLE_MODULES = YES;
				CLANG_ENABLE_OBJC_ARC = YES;
				CLANG_WARN_BOOL_CONVERSION = YES;
				CLANG_WARN_CONSTANT_CONVERSION = YES;
				CLANG_WARN_DIRECT_OBJC_ISA_USAGE = YES_ERROR;
				CLANG_WARN_EMPTY_BODY = YES;
				CLANG_WARN_ENUM_CONVERSION = YES;
				CLANG_WARN_INT_CONVERSION = YES;
				CLANG_WARN_OBJC_ROOT_CLASS = YES_ERROR;
				CLANG_WARN_UNREACHABLE_CODE = YES;
				CLANG_WARN__DUPLICATE_METHOD_MATCH = YES;
				"CODE_SIGN_IDENTITY[sdk=iphoneos*]" = "iPhone Developer";
				COPY_PHASE_STRIP = NO;
				DEBUG_INFORMATION_FORMAT = dwarf;
				ENABLE_STRICT_OBJC_MSGSEND = YES;
				ENABLE_TESTABILITY = YES;
				GCC_C_LANGUAGE_STANDARD = gnu99;
				GCC_DYNAMIC_NO_PIC = NO;
				GCC_NO_COMMON_BLOCKS = YES;
				GCC_OPTIMIZATION_LEVEL = 0;
				GCC_PREPROCESSOR_DEFINITIONS = (
					"DEBUG=1",
					"$(inherited)",
				);
				GCC_WARN_64_TO_32_BIT_CONVERSION = YES;
				GCC_WARN_ABOUT_RETURN_TYPE = YES_ERROR;
				GCC_WARN_UNDECLARED_SELECTOR = YES;
				GCC_WARN_UNINITIALIZED_AUTOS = YES_AGGRESSIVE;
				GCC_WARN_UNUSED_FUNCTION = YES;
				GCC_WARN_UNUSED_VARIABLE = YES;
				IPHONEOS_DEPLOYMENT_TARGET = 9.3;
				MTL_ENABLE_DEBUG_INFO = YES;
				ONLY_ACTIVE_ARCH = YES;
				SDKROOT = iphoneos;
				SWIFT_OPTIMIZATION_LEVEL = "-Onone";
			};
			name = Debug;
		};
		90138C401CAB9068007A9DE2 /* Release */ = {
			isa = XCBuildConfiguration;
			buildSettings = {
				ALWAYS_SEARCH_USER_PATHS = NO;
				CLANG_ANALYZER_NONNULL = YES;
				CLANG_CXX_LANGUAGE_STANDARD = "gnu++0x";
				CLANG_CXX_LIBRARY = "libc++";
				CLANG_ENABLE_MODULES = YES;
				CLANG_ENABLE_OBJC_ARC = YES;
				CLANG_WARN_BOOL_CONVERSION = YES;
				CLANG_WARN_CONSTANT_CONVERSION = YES;
				CLANG_WARN_DIRECT_OBJC_ISA_USAGE = YES_ERROR;
				CLANG_WARN_EMPTY_BODY = YES;
				CLANG_WARN_ENUM_CONVERSION = YES;
				CLANG_WARN_INT_CONVERSION = YES;
				CLANG_WARN_OBJC_ROOT_CLASS = YES_ERROR;
				CLANG_WARN_UNREACHABLE_CODE = YES;
				CLANG_WARN__DUPLICATE_METHOD_MATCH = YES;
				"CODE_SIGN_IDENTITY[sdk=iphoneos*]" = "iPhone Developer";
				COPY_PHASE_STRIP = NO;
				DEBUG_INFORMATION_FORMAT = "dwarf-with-dsym";
				ENABLE_NS_ASSERTIONS = NO;
				ENABLE_STRICT_OBJC_MSGSEND = YES;
				GCC_C_LANGUAGE_STANDARD = gnu99;
				GCC_NO_COMMON_BLOCKS = YES;
				GCC_WARN_64_TO_32_BIT_CONVERSION = YES;
				GCC_WARN_ABOUT_RETURN_TYPE = YES_ERROR;
				GCC_WARN_UNDECLARED_SELECTOR = YES;
				GCC_WARN_UNINITIALIZED_AUTOS = YES_AGGRESSIVE;
				GCC_WARN_UNUSED_FUNCTION = YES;
				GCC_WARN_UNUSED_VARIABLE = YES;
				IPHONEOS_DEPLOYMENT_TARGET = 9.3;
				MTL_ENABLE_DEBUG_INFO = NO;
				SDKROOT = iphoneos;
				VALIDATE_PRODUCT = YES;
			};
			name = Release;
		};
		90138C421CAB9068007A9DE2 /* Debug */ = {
			isa = XCBuildConfiguration;
			buildSettings = {
				ASSETCATALOG_COMPILER_APPICON_NAME = AppIcon;
				CODE_SIGN_ENTITLEMENTS = RainyDayReservations/RainyDayReservations.entitlements;
				CODE_SIGN_IDENTITY = "iPhone Developer";
				"CODE_SIGN_IDENTITY[sdk=iphoneos*]" = "iPhone Developer";
				INFOPLIST_FILE = RainyDayReservations/Info.plist;
				IPHONEOS_DEPLOYMENT_TARGET = 9.3;
				LD_RUNPATH_SEARCH_PATHS = "$(inherited) @executable_path/Frameworks";
				OTHER_SWIFT_FLAGS = "-DDEBUG";
				PRODUCT_BUNDLE_IDENTIFIER = com.groovytree.RainyDayReservations;
				PRODUCT_NAME = "$(TARGET_NAME)";
				PROVISIONING_PROFILE = "";
			};
			name = Debug;
		};
		90138C431CAB9068007A9DE2 /* Release */ = {
			isa = XCBuildConfiguration;
			buildSettings = {
				ASSETCATALOG_COMPILER_APPICON_NAME = AppIcon;
				CODE_SIGN_ENTITLEMENTS = RainyDayReservations/RainyDayReservations.entitlements;
				CODE_SIGN_IDENTITY = "iPhone Developer";
				"CODE_SIGN_IDENTITY[sdk=iphoneos*]" = "iPhone Developer";
				INFOPLIST_FILE = RainyDayReservations/Info.plist;
				IPHONEOS_DEPLOYMENT_TARGET = 9.3;
				LD_RUNPATH_SEARCH_PATHS = "$(inherited) @executable_path/Frameworks";
				OTHER_SWIFT_FLAGS = "-DRELEASE";
				PRODUCT_BUNDLE_IDENTIFIER = com.groovytree.RainyDayReservations;
				PRODUCT_NAME = "$(TARGET_NAME)";
				PROVISIONING_PROFILE = "";
			};
			name = Release;
		};
/* End XCBuildConfiguration section */

/* Begin XCConfigurationList section */
		90138C2A1CAB9068007A9DE2 /* Build configuration list for PBXProject "RainyDayReservations" */ = {
			isa = XCConfigurationList;
			buildConfigurations = (
				90138C3F1CAB9068007A9DE2 /* Debug */,
				90138C401CAB9068007A9DE2 /* Release */,
			);
			defaultConfigurationIsVisible = 0;
			defaultConfigurationName = Release;
		};
		90138C411CAB9068007A9DE2 /* Build configuration list for PBXNativeTarget "RainyDayReservations" */ = {
			isa = XCConfigurationList;
			buildConfigurations = (
				90138C421CAB9068007A9DE2 /* Debug */,
				90138C431CAB9068007A9DE2 /* Release */,
			);
			defaultConfigurationIsVisible = 0;
			defaultConfigurationName = Release;
		};
/* End XCConfigurationList section */
	};
	rootObject = 90138C271CAB9068007A9DE2 /* Project object */;
}
